
Microsoft Visual Studio Solution File, Format Version 12.00
# Visual Studio Version 17
VisualStudioVersion = 17.0.31903.59
MinimumVisualStudioVersion = 10.0.40219.1
Project("{FAE04EC0-301F-11D3-BF4B-00C04F79EFBC}") = "Api", "Api\Api.csproj", "{E45B9B79-15BE-4A77-8644-3E2ECE8EF30B}"
EndProject
Project("{FAE04EC0-301F-11D3-BF4B-00C04F79EFBC}") = "Shared", "Shared\Shared.csproj", "{B581839D-604A-416B-8112-AEDA7BFFBBB6}"
EndProject
Project("{FAE04EC0-301F-11D3-BF4B-00C04F79EFBC}") = "WebApp", "WebApp\WebApp.csproj", "{2D7B7C7E-2D80-46F7-8C48-1A817C71C7A9}"
EndProject
Project("{FAE04EC0-301F-11D3-BF4B-00C04F79EFBC}") = "Api.UnitTests", "Api.UnitTests\Api.UnitTests.csproj", "{C9CDB238-290E-44FB-AD06-5B77B2AE9D83}"
EndProject
Project("{FAE04EC0-301F-11D3-BF4B-00C04F79EFBC}") = "Api.IntegrationTests", "Api.IntegrationTests\Api.IntegrationTests.csproj", "{54ECC8B7-3E30-4CFC-894F-A6421EA6426F}"
EndProject
Global
	GlobalSection(SolutionConfigurationPlatforms) = preSolution
		Debug|Any CPU = Debug|Any CPU
		Debug|x64 = Debug|x64
		Debug|x86 = Debug|x86
		Release|Any CPU = Release|Any CPU
		Release|x64 = Release|x64
		Release|x86 = Release|x86
	EndGlobalSection
	GlobalSection(ProjectConfigurationPlatforms) = postSolution
		{E45B9B79-15BE-4A77-8644-3E2ECE8EF30B}.Debug|Any CPU.ActiveCfg = Debug|Any CPU
		{E45B9B79-15BE-4A77-8644-3E2ECE8EF30B}.Debug|Any CPU.Build.0 = Debug|Any CPU
		{E45B9B79-15BE-4A77-8644-3E2ECE8EF30B}.Debug|x64.ActiveCfg = Debug|Any CPU
		{E45B9B79-15BE-4A77-8644-3E2ECE8EF30B}.Debug|x64.Build.0 = Debug|Any CPU
		{E45B9B79-15BE-4A77-8644-3E2ECE8EF30B}.Debug|x86.ActiveCfg = Debug|Any CPU
		{E45B9B79-15BE-4A77-8644-3E2ECE8EF30B}.Debug|x86.Build.0 = Debug|Any CPU
		{E45B9B79-15BE-4A77-8644-3E2ECE8EF30B}.Release|Any CPU.ActiveCfg = Release|Any CPU
		{E45B9B79-15BE-4A77-8644-3E2ECE8EF30B}.Release|Any CPU.Build.0 = Release|Any CPU
		{E45B9B79-15BE-4A77-8644-3E2ECE8EF30B}.Release|x64.ActiveCfg = Release|Any CPU
		{E45B9B79-15BE-4A77-8644-3E2ECE8EF30B}.Release|x64.Build.0 = Release|Any CPU
		{E45B9B79-15BE-4A77-8644-3E2ECE8EF30B}.Release|x86.ActiveCfg = Release|Any CPU
		{E45B9B79-15BE-4A77-8644-3E2ECE8EF30B}.Release|x86.Build.0 = Release|Any CPU
		{B581839D-604A-416B-8112-AEDA7BFFBBB6}.Debug|Any CPU.ActiveCfg = Debug|Any CPU
		{B581839D-604A-416B-8112-AEDA7BFFBBB6}.Debug|Any CPU.Build.0 = Debug|Any CPU
		{B581839D-604A-416B-8112-AEDA7BFFBBB6}.Debug|x64.ActiveCfg = Debug|Any CPU
		{B581839D-604A-416B-8112-AEDA7BFFBBB6}.Debug|x64.Build.0 = Debug|Any CPU
		{B581839D-604A-416B-8112-AEDA7BFFBBB6}.Debug|x86.ActiveCfg = Debug|Any CPU
		{B581839D-604A-416B-8112-AEDA7BFFBBB6}.Debug|x86.Build.0 = Debug|Any CPU
		{B581839D-604A-416B-8112-AEDA7BFFBBB6}.Release|Any CPU.ActiveCfg = Release|Any CPU
		{B581839D-604A-416B-8112-AEDA7BFFBBB6}.Release|Any CPU.Build.0 = Release|Any CPU
		{B581839D-604A-416B-8112-AEDA7BFFBBB6}.Release|x64.ActiveCfg = Release|Any CPU
		{B581839D-604A-416B-8112-AEDA7BFFBBB6}.Release|x64.Build.0 = Release|Any CPU
		{B581839D-604A-416B-8112-AEDA7BFFBBB6}.Release|x86.ActiveCfg = Release|Any CPU
		{B581839D-604A-416B-8112-AEDA7BFFBBB6}.Release|x86.Build.0 = Release|Any CPU
		{2D7B7C7E-2D80-46F7-8C48-1A817C71C7A9}.Debug|Any CPU.ActiveCfg = Debug|Any CPU
		{2D7B7C7E-2D80-46F7-8C48-1A817C71C7A9}.Debug|Any CPU.Build.0 = Debug|Any CPU
		{2D7B7C7E-2D80-46F7-8C48-1A817C71C7A9}.Debug|x64.ActiveCfg = Debug|Any CPU
		{2D7B7C7E-2D80-46F7-8C48-1A817C71C7A9}.Debug|x64.Build.0 = Debug|Any CPU
		{2D7B7C7E-2D80-46F7-8C48-1A817C71C7A9}.Debug|x86.ActiveCfg = Debug|Any CPU
		{2D7B7C7E-2D80-46F7-8C48-1A817C71C7A9}.Debug|x86.Build.0 = Debug|Any CPU
		{2D7B7C7E-2D80-46F7-8C48-1A817C71C7A9}.Release|Any CPU.ActiveCfg = Release|Any CPU
		{2D7B7C7E-2D80-46F7-8C48-1A817C71C7A9}.Release|Any CPU.Build.0 = Release|Any CPU
		{2D7B7C7E-2D80-46F7-8C48-1A817C71C7A9}.Release|x64.ActiveCfg = Release|Any CPU
		{2D7B7C7E-2D80-46F7-8C48-1A817C71C7A9}.Release|x64.Build.0 = Release|Any CPU
		{2D7B7C7E-2D80-46F7-8C48-1A817C71C7A9}.Release|x86.ActiveCfg = Release|Any CPU
		{2D7B7C7E-2D80-46F7-8C48-1A817C71C7A9}.Release|x86.Build.0 = Release|Any CPU
		{C9CDB238-290E-44FB-AD06-5B77B2AE9D83}.Debug|Any CPU.ActiveCfg = Debug|Any CPU
		{C9CDB238-290E-44FB-AD06-5B77B2AE9D83}.Debug|Any CPU.Build.0 = Debug|Any CPU
		{C9CDB238-290E-44FB-AD06-5B77B2AE9D83}.Debug|x64.ActiveCfg = Debug|Any CPU
		{C9CDB238-290E-44FB-AD06-5B77B2AE9D83}.Debug|x64.Build.0 = Debug|Any CPU
		{C9CDB238-290E-44FB-AD06-5B77B2AE9D83}.Debug|x86.ActiveCfg = Debug|Any CPU
		{C9CDB238-290E-44FB-AD06-5B77B2AE9D83}.Debug|x86.Build.0 = Debug|Any CPU
		{C9CDB238-290E-44FB-AD06-5B77B2AE9D83}.Release|Any CPU.ActiveCfg = Release|Any CPU
		{C9CDB238-290E-44FB-AD06-5B77B2AE9D83}.Release|Any CPU.Build.0 = Release|Any CPU
		{C9CDB238-290E-44FB-AD06-5B77B2AE9D83}.Release|x64.ActiveCfg = Release|Any CPU
		{C9CDB238-290E-44FB-AD06-5B77B2AE9D83}.Release|x64.Build.0 = Release|Any CPU
		{C9CDB238-290E-44FB-AD06-5B77B2AE9D83}.Release|x86.ActiveCfg = Release|Any CPU
		{C9CDB238-290E-44FB-AD06-5B77B2AE9D83}.Release|x86.Build.0 = Release|Any CPU
		{54ECC8B7-3E30-4CFC-894F-A6421EA6426F}.Debug|Any CPU.ActiveCfg = Debug|Any CPU
		{54ECC8B7-3E30-4CFC-894F-A6421EA6426F}.Debug|Any CPU.Build.0 = Debug|Any CPU
		{54ECC8B7-3E30-4CFC-894F-A6421EA6426F}.Debug|x64.ActiveCfg = Debug|Any CPU
		{54ECC8B7-3E30-4CFC-894F-A6421EA6426F}.Debug|x64.Build.0 = Debug|Any CPU
		{54ECC8B7-3E30-4CFC-894F-A6421EA6426F}.Debug|x86.ActiveCfg = Debug|Any CPU
		{54ECC8B7-3E30-4CFC-894F-A6421EA6426F}.Debug|x86.Build.0 = Debug|Any CPU
		{54ECC8B7-3E30-4CFC-894F-A6421EA6426F}.Release|Any CPU.ActiveCfg = Release|Any CPU
		{54ECC8B7-3E30-4CFC-894F-A6421EA6426F}.Release|Any CPU.Build.0 = Release|Any CPU
		{54ECC8B7-3E30-4CFC-894F-A6421EA6426F}.Release|x64.ActiveCfg = Release|Any CPU
		{54ECC8B7-3E30-4CFC-894F-A6421EA6426F}.Release|x64.Build.0 = Release|Any CPU
		{54ECC8B7-3E30-4CFC-894F-A6421EA6426F}.Release|x86.ActiveCfg = Release|Any CPU
		{54ECC8B7-3E30-4CFC-894F-A6421EA6426F}.Release|x86.Build.0 = Release|Any CPU
	EndGlobalSection
	GlobalSection(SolutionProperties) = preSolution
		HideSolutionNode = FALSE
	EndGlobalSection
EndGlobal
